
Microsoft Visual Studio Solution File, Format Version 11.00
# Visual Studio 2010
Project("{FAE04EC0-301F-11D3-BF4B-00C04F79EFBC}") = "Assembly-CSharp-firstpass", "Assembly-CSharp-firstpass.csproj", "{4E9146D6-37B3-4B16-D1E5-F9A08B27DCB4}"
EndProject
Project("{FAE04EC0-301F-11D3-BF4B-00C04F79EFBC}") = "Assembly-CSharp", "Assembly-CSharp.csproj", "{020BC4CA-EBB1-2362-7B74-F9BDDD9C8C41}"
EndProject
Project("{FAE04EC0-301F-11D3-BF4B-00C04F79EFBC}") = "Assembly-CSharp-Editor", "Assembly-CSharp-Editor.csproj", "{6E5A7E85-21FC-F206-D6C7-560A454734B3}"
EndProject
Global
	GlobalSection(SolutionConfigurationPlatforms) = preSolution
		Debug|Any CPU = Debug|Any CPU
		Release|Any CPU = Release|Any CPU
	EndGlobalSection
	GlobalSection(ProjectConfigurationPlatforms) = postSolution
		{4E9146D6-37B3-4B16-D1E5-F9A08B27DCB4}.Debug|Any CPU.ActiveCfg = Debug|Any CPU
		{4E9146D6-37B3-4B16-D1E5-F9A08B27DCB4}.Debug|Any CPU.Build.0 = Debug|Any CPU
		{4E9146D6-37B3-4B16-D1E5-F9A08B27DCB4}.Release|Any CPU.ActiveCfg = Release|Any CPU
		{4E9146D6-37B3-4B16-D1E5-F9A08B27DCB4}.Release|Any CPU.Build.0 = Release|Any CPU
		{020BC4CA-EBB1-2362-7B74-F9BDDD9C8C41}.Debug|Any CPU.ActiveCfg = Debug|Any CPU
		{020BC4CA-EBB1-2362-7B74-F9BDDD9C8C41}.Debug|Any CPU.Build.0 = Debug|Any CPU
		{020BC4CA-EBB1-2362-7B74-F9BDDD9C8C41}.Release|Any CPU.ActiveCfg = Release|Any CPU
		{020BC4CA-EBB1-2362-7B74-F9BDDD9C8C41}.Release|Any CPU.Build.0 = Release|Any CPU
		{6E5A7E85-21FC-F206-D6C7-560A454734B3}.Debug|Any CPU.ActiveCfg = Debug|Any CPU
		{6E5A7E85-21FC-F206-D6C7-560A454734B3}.Debug|Any CPU.Build.0 = Debug|Any CPU
		{6E5A7E85-21FC-F206-D6C7-560A454734B3}.Release|Any CPU.ActiveCfg = Release|Any CPU
		{6E5A7E85-21FC-F206-D6C7-560A454734B3}.Release|Any CPU.Build.0 = Release|Any CPU
	EndGlobalSection
	GlobalSection(SolutionProperties) = preSolution
		HideSolutionNode = FALSE
	EndGlobalSection
	GlobalSection(MonoDevelopProperties) = preSolution
		StartupItem = Assembly-CSharp.csproj
	EndGlobalSection
EndGlobal
