
Microsoft Visual Studio Solution File, Format Version 11.00
# Visual Studio 2010
Project("{FAE04EC0-301F-11D3-BF4B-00C04F79EFBC}") = "Assembly-CSharp-firstpass", "Assembly-CSharp-firstpass.csproj", "{F4F233DD-6ADC-A53F-5E0F-47F38259CBD3}"
EndProject
Project("{FAE04EC0-301F-11D3-BF4B-00C04F79EFBC}") = "Assembly-CSharp", "Assembly-CSharp.csproj", "{97AADB24-9E37-1FD9-A807-3533D16C846F}"
EndProject
Global
	GlobalSection(SolutionConfigurationPlatforms) = preSolution
		Debug|Any CPU = Debug|Any CPU
		Release|Any CPU = Release|Any CPU
	EndGlobalSection
	GlobalSection(ProjectConfigurationPlatforms) = postSolution
		{F4F233DD-6ADC-A53F-5E0F-47F38259CBD3}.Debug|Any CPU.ActiveCfg = Debug|Any CPU
		{F4F233DD-6ADC-A53F-5E0F-47F38259CBD3}.Debug|Any CPU.Build.0 = Debug|Any CPU
		{F4F233DD-6ADC-A53F-5E0F-47F38259CBD3}.Release|Any CPU.ActiveCfg = Release|Any CPU
		{F4F233DD-6ADC-A53F-5E0F-47F38259CBD3}.Release|Any CPU.Build.0 = Release|Any CPU
		{97AADB24-9E37-1FD9-A807-3533D16C846F}.Debug|Any CPU.ActiveCfg = Debug|Any CPU
		{97AADB24-9E37-1FD9-A807-3533D16C846F}.Debug|Any CPU.Build.0 = Debug|Any CPU
		{97AADB24-9E37-1FD9-A807-3533D16C846F}.Release|Any CPU.ActiveCfg = Release|Any CPU
		{97AADB24-9E37-1FD9-A807-3533D16C846F}.Release|Any CPU.Build.0 = Release|Any CPU
	EndGlobalSection
	GlobalSection(SolutionProperties) = preSolution
		HideSolutionNode = FALSE
	EndGlobalSection
	GlobalSection(MonoDevelopProperties) = preSolution
		StartupItem = Assembly-CSharp.csproj
	EndGlobalSection
EndGlobal
